{
  "version": "2",
  "remote": {},
  "npm": {
    "specifiers": {
      "get-pkg": "get-pkg@1.1.0",
      "get-pkg@^1.0.0": "get-pkg@1.1.0",
      "gulp-format-md@^1.0.0": "gulp-format-md@1.0.0",
      "mocha@^5.2.0": "mocha@5.2.0",
      "parse-github-url": "parse-github-url@1.0.2",
      "parse-github-url@^1.0.2": "parse-github-url@1.0.2"
    },
    "packages": {
      "ansi-green@0.1.1": {
        "integrity": "sha512-WJ70OI4jCaMy52vGa/ypFSKFb/TrYNPaQ2xco5nUwE0C5H8piume/uAZNNdXXiMQ6DbRmiE7l8oNBHu05ZKkrw==",
        "dependencies": {
          "ansi-wrap": "ansi-wrap@0.1.0"
        }
      },
      "ansi-wrap@0.1.0": {
        "integrity": "sha512-ZyznvL8k/FZeQHr2T6LzcJ/+vBApDnMNZvfVFy3At0knswWd6rJ3/0Hhmpu8oqa6C92npmozs890sX9Dl6q+Qw==",
        "dependencies": {}
      },
      "argparse@1.0.10": {
        "integrity": "sha512-o5Roy6tNG4SL/FOkCAN6RzjiakZS25RLYFrcMttJqbdd8BWrnA+fGz57iN5Pb06pvBGvl5gQ0B48dJlslXvoTg==",
        "dependencies": {
          "sprintf-js": "sprintf-js@1.0.3"
        }
      },
      "arr-union@3.1.0": {
        "integrity": "sha512-sKpyeERZ02v1FeCZT8lrfJq5u6goHCtpTAzPwJYe7c8SPFOboNjNg1vz2L4VTn9T4PQxEx13TbXLmYUcS6Ug7Q==",
        "dependencies": {}
      },
      "array-each@1.0.1": {
        "integrity": "sha512-zHjL5SZa68hkKHBFBK6DJCTtr9sfTCPCaph/L7tMSLcTFgy+zX7E+6q5UArbtOtMBCtxdICpfTCspRse+ywyXA==",
        "dependencies": {}
      },
      "array-slice@0.2.3": {
        "integrity": "sha512-rlVfZW/1Ph2SNySXwR9QYkChp8EkOEiTMO5Vwx60usw04i4nWemkm9RXmQqgkQFaLHsqLuADvjp6IfgL9l2M8Q==",
        "dependencies": {}
      },
      "assign-symbols@1.0.0": {
        "integrity": "sha512-Q+JC7Whu8HhmTdBph/Tq59IoRtoy6KAm5zzPv00WdujX82lbAL8K7WVjne7vdCsAmbF4AYaDOPyO3k0kl8qIrw==",
        "dependencies": {}
      },
      "atob@2.1.2": {
        "integrity": "sha512-Wm6ukoaOGJi/73p/cl2GvLjTI5JM1k/O14isD73YML8StrH/7/lRFgmg8nICZgD3bZZvjwCGxtMOD3wWNAu8cg==",
        "dependencies": {}
      },
      "autolinker@0.28.1": {
        "integrity": "sha512-zQAFO1Dlsn69eXaO6+7YZc+v84aquQKbwpzCE3L0stj56ERn9hutFxPopViLjo9G+rWwjozRhgS5KJ25Xy19cQ==",
        "dependencies": {
          "gulp-header": "gulp-header@1.8.12"
        }
      },
      "axios@0.18.1": {
        "integrity": "sha512-0BfJq4NSfQXd+SkFdrvFbG7addhYSBA2mQwISr46pD6E5iqkWg02RAs8vyTT/j0RTnoYmeXauBuSv1qKwR179g==",
        "dependencies": {
          "follow-redirects": "follow-redirects@1.5.10",
          "is-buffer": "is-buffer@2.0.5"
        }
      },
      "balanced-match@1.0.2": {
        "integrity": "sha512-3oSeUO0TMV67hN1AmbXsK4yaqU7tjiHlbxRDZOpH0KW9+CeX4bRAaX0Anxt0tx2MrpRpWwQaPwIlISEJhYU5Pw==",
        "dependencies": {}
      },
      "base@0.11.2": {
        "integrity": "sha512-5T6P4xPgpp0YDFvSWwEZ4NoE3aM4QBQXDzmVbraCkFj8zHM+mba8SyqB5DbZWyR7mYHo6Y7BdQo3MoA4m0TeQg==",
        "dependencies": {
          "cache-base": "cache-base@1.0.1",
          "class-utils": "class-utils@0.3.6",
          "component-emitter": "component-emitter@1.3.0",
          "define-property": "define-property@1.0.0",
          "isobject": "isobject@3.0.1",
          "mixin-deep": "mixin-deep@1.3.2",
          "pascalcase": "pascalcase@0.1.1"
        }
      },
      "brace-expansion@1.1.11": {
        "integrity": "sha512-iCuPHDFgrHX7H2vEI/5xpz07zSHB00TpugqhmYtVmMO6518mCuRMoOYFldEBl0g187ufozdaHgWKcYFb61qGiA==",
        "dependencies": {
          "balanced-match": "balanced-match@1.0.2",
          "concat-map": "concat-map@0.0.1"
        }
      },
      "browser-stdout@1.3.1": {
        "integrity": "sha512-qhAVI1+Av2X7qelOfAIYwXONood6XlZE/fXaBSmW/T5SzLAmCgzi+eiWE7fUvbHaeNBQH13UftjpXxsfLkMpgw==",
        "dependencies": {}
      },
      "cache-base@1.0.1": {
        "integrity": "sha512-AKcdTnFSWATd5/GCPRxr2ChwIJ85CeyrEyjRHlKxQ56d4XJMGym0uAiKn0xbLOGOl3+yRpOTi484dVCEc5AUzQ==",
        "dependencies": {
          "collection-visit": "collection-visit@1.0.0",
          "component-emitter": "component-emitter@1.3.0",
          "get-value": "get-value@2.0.6",
          "has-value": "has-value@1.0.0",
          "isobject": "isobject@3.0.1",
          "set-value": "set-value@2.0.1",
          "to-object-path": "to-object-path@0.3.0",
          "union-value": "union-value@1.0.1",
          "unset-value": "unset-value@1.0.0"
        }
      },
      "class-utils@0.3.6": {
        "integrity": "sha512-qOhPa/Fj7s6TY8H8esGu5QNpMMQxz79h+urzrNYN6mn+9BnxlDGf5QZ+XeCDsxSjPqsSR56XOZOJmpeurnLMeg==",
        "dependencies": {
          "arr-union": "arr-union@3.1.0",
          "define-property": "define-property@0.2.5",
          "isobject": "isobject@3.0.1",
          "static-extend": "static-extend@0.1.2"
        }
      },
      "clone-buffer@1.0.0": {
        "integrity": "sha512-KLLTJWrvwIP+OPfMn0x2PheDEP20RPUcGXj/ERegTgdmPEZylALQldygiqrPPu8P45uNuPs7ckmReLY6v/iA5g==",
        "dependencies": {}
      },
      "clone-stats@1.0.0": {
        "integrity": "sha512-au6ydSpg6nsrigcZ4m8Bc9hxjeW+GJ8xh5G3BJCMt4WXe1H10UNaVOamqQTmrx1kjVuxAHIQSNU6hY4Nsn9/ag==",
        "dependencies": {}
      },
      "clone@2.1.2": {
        "integrity": "sha512-3Pe/CF1Nn94hyhIYpjtiLhdCoEoz0DqQ+988E9gmeEdQZlojxnOb74wctFyuwWQHzqyf9X7C7MG8juUpqBJT8w==",
        "dependencies": {}
      },
      "cloneable-readable@1.1.3": {
        "integrity": "sha512-2EF8zTQOxYq70Y4XKtorQupqF0m49MBz2/yf5Bj+MHjvpG3Hy7sImifnqD6UA+TKYxeSV+u6qqQPawN5UvnpKQ==",
        "dependencies": {
          "inherits": "inherits@2.0.4",
          "process-nextick-args": "process-nextick-args@2.0.1",
          "readable-stream": "readable-stream@2.3.8"
        }
      },
      "collection-visit@1.0.0": {
        "integrity": "sha512-lNkKvzEeMBBjUGHZ+q6z9pSJla0KWAQPvtzhEV9+iGyQYG+pBpl7xKDhxoNSOZH2hhv0v5k0y2yAM4o4SjoSkw==",
        "dependencies": {
          "map-visit": "map-visit@1.0.0",
          "object-visit": "object-visit@1.0.1"
        }
      },
      "commander@2.15.1": {
        "integrity": "sha512-VlfT9F3V0v+jr4yxPc5gg9s62/fIVWsd2Bk2iD435um1NlGMYdVCq+MjcXnhYq2icNOizHr1kK+5TI6H0Hy0ag==",
        "dependencies": {}
      },
      "component-emitter@1.3.0": {
        "integrity": "sha512-Rd3se6QB+sO1TwqZjscQrurpEPIfO0/yYnSin6Q/rD3mOutHvUrCAhJub3r90uNb+SESBuE0QYoB90YdfatsRg==",
        "dependencies": {}
      },
      "concat-map@0.0.1": {
        "integrity": "sha512-/Srv4dswyQNBfohGpz9o6Yb3Gz3SrUDqBH5rTuhGR7ahtlbYKnVxw2bCFMRljaA7EXHaXZ8wsHdodFvbkhKmqg==",
        "dependencies": {}
      },
      "concat-with-sourcemaps@1.1.0": {
        "integrity": "sha512-4gEjHJFT9e+2W/77h/DS5SGUgwDaOwprX8L/gl5+3ixnzkVJJsZWDSelmN3Oilw3LNDZjZV0yqH1hLG3k6nghg==",
        "dependencies": {
          "source-map": "source-map@0.6.1"
        }
      },
      "copy-descriptor@0.1.1": {
        "integrity": "sha512-XgZ0pFcakEUlbwQEVNg3+QAis1FyTL3Qel9FYy8pSkQqoG3PNoT0bOCQtOXcOkur21r2Eq2kI+IE+gsmAEVlYw==",
        "dependencies": {}
      },
      "core-util-is@1.0.3": {
        "integrity": "sha512-ZQBvi1DcpJ4GDqanjucZ2Hj3wEO5pZDS89BWbkcrvdxksJorwUDDZamX9ldFkp9aw2lmBDLgkObEA4DWNJ9FYQ==",
        "dependencies": {}
      },
      "debug@2.6.9": {
        "integrity": "sha512-bC7ElrdJaJnPbAP+1EotYvqZsb3ecl5wi6Bfi6BJTUcNowp6cvspg0jXznRTKDjm/E7AdgFBVeAPVMNcKGsHMA==",
        "dependencies": {
          "ms": "ms@2.0.0"
        }
      },
      "debug@3.1.0": {
        "integrity": "sha512-OX8XqP7/1a9cqkxYw2yXss15f26NKWBpDXQd0/uK/KPqdQhxbPa994hnzjcE2VqQpDslf55723cKPUOGSmMY3g==",
        "dependencies": {
          "ms": "ms@2.0.0"
        }
      },
      "decode-uri-component@0.2.2": {
        "integrity": "sha512-FqUYQ+8o158GyGTrMFJms9qh3CqTKvAqgqsTnkLI8sKu0028orqBhxNMFkFen0zGyg6epACD32pjVk58ngIErQ==",
        "dependencies": {}
      },
      "define-property@0.2.5": {
        "integrity": "sha512-Rr7ADjQZenceVOAKop6ALkkRAmH1A4Gx9hV/7ZujPUN2rkATqFO0JZLZInbAjpZYoJ1gUx8MRMQVkYemcbMSTA==",
        "dependencies": {
          "is-descriptor": "is-descriptor@0.1.6"
        }
      },
      "define-property@1.0.0": {
        "integrity": "sha512-cZTYKFWspt9jZsMscWo8sc/5lbPC9Q0N5nBLgb+Yd915iL3udB1uFgS3B8YCx66UVHq018DAVFoee7x+gxggeA==",
        "dependencies": {
          "is-descriptor": "is-descriptor@1.0.2"
        }
      },
      "define-property@2.0.2": {
        "integrity": "sha512-jwK2UV4cnPpbcG7+VRARKTZPUWowwXA8bzH5NP6ud0oeAxyYPuGZUAC7hMugpCdz4BeSZl2Dl9k66CHJ/46ZYQ==",
        "dependencies": {
          "is-descriptor": "is-descriptor@1.0.2",
          "isobject": "isobject@3.0.1"
        }
      },
      "diff@3.5.0": {
        "integrity": "sha512-A46qtFgd+g7pDZinpnwiRJtxbC1hpgf0uzP3iG89scHk0AUC7A1TGxf5OiiOUv/JMZR8GOt8hL900hV0bOy5xA==",
        "dependencies": {}
      },
      "escape-string-regexp@1.0.5": {
        "integrity": "sha512-vbRorB5FUQWvla16U8R/qgaFIya2qGzwDrNmCZuYKrbdSUMG6I1ZCGQRefkRVhuOkIGVne7BQ35DSfo1qvJqFg==",
        "dependencies": {}
      },
      "expand-range@1.8.2": {
        "integrity": "sha512-AFASGfIlnIbkKPQwX1yHaDjFvh/1gyKJODme52V6IORh69uEYgZp0o9C+qsIGNVEiuuhQU0CSSl++Rlegg1qvA==",
        "dependencies": {
          "fill-range": "fill-range@2.2.4"
        }
      },
      "expand-reflinks@0.2.1": {
        "integrity": "sha512-JMQVmivpSk6CU7jux0ukOVifG7IhtWQx7r7/IUIz1WsK1uVCRMuZzIZVaGXq81wfNEtiumZ58JFm/Gwudg2++A==",
        "dependencies": {
          "define-property": "define-property@0.2.5",
          "extend-shallow": "extend-shallow@2.0.1",
          "regex-not": "regex-not@1.0.2",
          "snapdragon": "snapdragon@0.8.2",
          "to-regex": "to-regex@3.0.2"
        }
      },
      "extend-shallow@2.0.1": {
        "integrity": "sha512-zCnTtlxNoAiDc3gqY2aYAWFx7XWWiasuF2K8Me5WbN8otHKTUKBwjPtNpRs/rbUZm7KxWAaNj7P1a/p52GbVug==",
        "dependencies": {
          "is-extendable": "is-extendable@0.1.1"
        }
      },
      "extend-shallow@3.0.2": {
        "integrity": "sha512-BwY5b5Ql4+qZoefgMj2NUmx+tehVTH/Kf4k1ZEtOHNFcm2wSxMRo992l6X3TIgni2eZVTZ85xMOjF31fwZAj6Q==",
        "dependencies": {
          "assign-symbols": "assign-symbols@1.0.0",
          "is-extendable": "is-extendable@1.0.1"
        }
      },
      "fill-range@2.2.4": {
        "integrity": "sha512-cnrcCbj01+j2gTG921VZPnHbjmdAf8oQV/iGeV2kZxGSyfYjjTyY79ErsK1WJWMpw6DaApEX72binqJE+/d+5Q==",
        "dependencies": {
          "is-number": "is-number@2.1.0",
          "isobject": "isobject@2.1.0",
          "randomatic": "randomatic@3.1.1",
          "repeat-element": "repeat-element@1.1.4",
          "repeat-string": "repeat-string@1.6.1"
        }
      },
      "follow-redirects@1.5.10": {
        "integrity": "sha512-0V5l4Cizzvqt5D44aTXbFZz+FtyXV1vrDN6qrelxtfYQKW0KO0W2T/hkE8xvGa/540LkZlkaUjO4ailYTFtHVQ==",
        "dependencies": {
          "debug": "debug@3.1.0"
        }
      },
      "for-in@1.0.2": {
        "integrity": "sha512-7EwmXrOjyL+ChxMhmG5lnW9MPt1aIeZEwKhQzoBUdTV0N3zuwWDZYVJatDvZ2OyzPUvdIAZDsCetk3coyMfcnQ==",
        "dependencies": {}
      },
      "fs-exists-sync@0.1.0": {
        "integrity": "sha512-cR/vflFyPZtrN6b38ZyWxpWdhlXrzZEBawlpBQMq7033xVY7/kg0GDMBK5jg8lDYQckdJ5x/YC88lM3C7VMsLg==",
        "dependencies": {}
      },
      "fs.realpath@1.0.0": {
        "integrity": "sha512-OO0pH2lK6a0hZnAdau5ItzHPI6pUlvI7jMVnxUQRtw4owF2wk8lOSabtGDCTP4Ggrg2MbGnWO9X8K1t4+fGMDw==",
        "dependencies": {}
      },
      "get-pkg@1.1.0": {
        "integrity": "sha512-ZMZoL7L2HpYQE+9RDjjloJYhrqqzC23ExvMFREXavY+71ltJBHf3UOSiuV1WAD58m9Bh0Um0GOrFvmL2lakO8Q==",
        "dependencies": {
          "axios": "axios@0.18.1"
        }
      },
      "get-value@2.0.6": {
        "integrity": "sha512-Ln0UQDlxH1BapMu3GPtf7CuYNwRZf2gwCuPqbyG6pB8WfmFpzqcy4xtAaAMUhnNqjMKTiCPZG2oMT3YSx8U2NA==",
        "dependencies": {}
      },
      "gfm-code-block-regex@1.0.0": {
        "integrity": "sha512-aP0XZhL1LNyCT3r89k4MfUCT5FYcUAWbBb2HmFlBvOgYVtDXGYqyG6pRmxwJqwbLRGyK/kdt8IrsJVmuxPVvDw==",
        "dependencies": {}
      },
      "gfm-code-blocks@1.0.0": {
        "integrity": "sha512-MdJip0Y/0UArlhvBE5heNAFgR/aJr5rdcnodC6nJK1yPKmEfhe89h9LZVn724mqcslAj5rOYT07oQoHr1tmDuw==",
        "dependencies": {
          "gfm-code-block-regex": "gfm-code-block-regex@1.0.0"
        }
      },
      "glob@7.1.2": {
        "integrity": "sha512-MJTUg1kjuLeQCJ+ccE4Vpa6kKVXkPYJ2mOCQyUuKLcLQsdrMCpBPUi8qVE6+YuaJkozeA9NusTAw3hLr8Xe5EQ==",
        "dependencies": {
          "fs.realpath": "fs.realpath@1.0.0",
          "inflight": "inflight@1.0.6",
          "inherits": "inherits@2.0.4",
          "minimatch": "minimatch@3.0.4",
          "once": "once@1.4.0",
          "path-is-absolute": "path-is-absolute@1.0.1"
        }
      },
      "growl@1.10.5": {
        "integrity": "sha512-qBr4OuELkhPenW6goKVXiv47US3clb3/IbuWF9KNKEijAy9oeHxU9IgzjvJhHkUzhaj7rOUD7+YGWqUjLp5oSA==",
        "dependencies": {}
      },
      "gulp-format-md@1.0.0": {
        "integrity": "sha512-RW9n6z/cLnq6zxjfHIqvj3FULnkWe+2s5cI+tLDT56M2sqov8LYHdtTIgDBnWqo0DsoTFQygXWDxeVrIFoMklA==",
        "dependencies": {
          "extend-shallow": "extend-shallow@2.0.1",
          "log-ok": "log-ok@0.1.1",
          "minimist": "minimist@1.2.8",
          "pretty-remarkable": "pretty-remarkable@0.4.1",
          "remarkable": "remarkable@1.7.4",
          "sections": "sections@1.0.0",
          "through2": "through2@2.0.5",
          "tokenize-comment": "tokenize-comment@1.0.3",
          "vinyl": "vinyl@2.2.1",
          "write": "write@0.3.3"
        }
      },
      "gulp-header@1.8.12": {
        "integrity": "sha512-lh9HLdb53sC7XIZOYzTXM4lFuXElv3EVkSDhsd7DoJBj7hm+Ni7D3qYbb+Rr8DuM8nRanBvkVO9d7askreXGnQ==",
        "dependencies": {
          "concat-with-sourcemaps": "concat-with-sourcemaps@1.1.0",
          "lodash.template": "lodash.template@4.5.0",
          "through2": "through2@2.0.5"
        }
      },
      "has-flag@3.0.0": {
        "integrity": "sha512-sKJf1+ceQBr4SMkvQnBDNDtf4TXpVhVGateu0t918bl30FnbE2m4vNLX+VWe/dpjlb+HugGYzW7uQXH98HPEYw==",
        "dependencies": {}
      },
      "has-value@0.3.1": {
        "integrity": "sha512-gpG936j8/MzaeID5Yif+577c17TxaDmhuyVgSwtnL/q8UUTySg8Mecb+8Cf1otgLoD7DDH75axp86ER7LFsf3Q==",
        "dependencies": {
          "get-value": "get-value@2.0.6",
          "has-values": "has-values@0.1.4",
          "isobject": "isobject@2.1.0"
        }
      },
      "has-value@1.0.0": {
        "integrity": "sha512-IBXk4GTsLYdQ7Rvt+GRBrFSVEkmuOUy4re0Xjd9kJSUQpnTrWR4/y9RpfexN9vkAPMFuQoeWKwqzPozRTlasGw==",
        "dependencies": {
          "get-value": "get-value@2.0.6",
          "has-values": "has-values@1.0.0",
          "isobject": "isobject@3.0.1"
        }
      },
      "has-values@0.1.4": {
        "integrity": "sha512-J8S0cEdWuQbqD9//tlZxiMuMNmxB8PlEwvYwuxsTmR1G5RXUePEX/SJn7aD0GMLieuZYSwNH0cQuJGwnYunXRQ==",
        "dependencies": {}
      },
      "has-values@1.0.0": {
        "integrity": "sha512-ODYZC64uqzmtfGMEAX/FvZiRyWLpAC3vYnNunURUnkGVTS+mI0smVsWaPydRBsE3g+ok7h960jChO8mFcWlHaQ==",
        "dependencies": {
          "is-number": "is-number@3.0.0",
          "kind-of": "kind-of@4.0.0"
        }
      },
      "he@1.1.1": {
        "integrity": "sha512-z/GDPjlRMNOa2XJiB4em8wJpuuBfrFOlYKTZxtpkdr1uPdibHI8rYA3MY0KDObpVyaes0e/aunid/t88ZI2EKA==",
        "dependencies": {}
      },
      "inflight@1.0.6": {
        "integrity": "sha512-k92I/b08q4wvFscXCLvqfsHCrjrF7yiXsQuIVvVE7N82W3+aqpzuUdBbfhWcy/FZR3/4IgflMgKLOsvPDrGCJA==",
        "dependencies": {
          "once": "once@1.4.0",
          "wrappy": "wrappy@1.0.2"
        }
      },
      "inherits@2.0.4": {
        "integrity": "sha512-k/vGaX4/Yla3WzyMCvTQOXYeIHvqOKtnqBduzTHpzpQZzAskKMhZ2K+EnBiSM9zGSoIFeMpXKxa4dYeZIQqewQ==",
        "dependencies": {}
      },
      "is-accessor-descriptor@0.1.6": {
        "integrity": "sha512-e1BM1qnDbMRG3ll2U9dSK0UMHuWOs3pY3AtcFsmvwPtKL3MML/Q86i+GilLfvqEs4GW+ExB91tQ3Ig9noDIZ+A==",
        "dependencies": {
          "kind-of": "kind-of@3.2.2"
        }
      },
      "is-accessor-descriptor@1.0.0": {
        "integrity": "sha512-m5hnHTkcVsPfqx3AKlyttIPb7J+XykHvJP2B9bZDjlhLIoEq4XoK64Vg7boZlVWYK6LUY94dYPEE7Lh0ZkZKcQ==",
        "dependencies": {
          "kind-of": "kind-of@6.0.3"
        }
      },
      "is-buffer@1.1.6": {
        "integrity": "sha512-NcdALwpXkTm5Zvvbk7owOUSvVvBKDgKP5/ewfXEznmQFfs4ZRmanOeKBTjRVjka3QFoN6XJ+9F3USqfHqTaU5w==",
        "dependencies": {}
      },
      "is-buffer@2.0.5": {
        "integrity": "sha512-i2R6zNFDwgEHJyQUtJEk0XFi1i0dPFn/oqjK3/vPCcDeJvW5NQ83V8QbicfF1SupOaB0h8ntgBC2YiE7dfyctQ==",
        "dependencies": {}
      },
      "is-data-descriptor@0.1.4": {
        "integrity": "sha512-+w9D5ulSoBNlmw9OHn3U2v51SyoCd0he+bB3xMl62oijhrspxowjU+AIcDY0N3iEJbUEkB15IlMASQsxYigvXg==",
        "dependencies": {
          "kind-of": "kind-of@3.2.2"
        }
      },
      "is-data-descriptor@1.0.0": {
        "integrity": "sha512-jbRXy1FmtAoCjQkVmIVYwuuqDFUbaOeDjmed1tOGPrsMhtJA4rD9tkgA0F1qJ3gRFRXcHYVkdeaP50Q5rE/jLQ==",
        "dependencies": {
          "kind-of": "kind-of@6.0.3"
        }
      },
      "is-descriptor@0.1.6": {
        "integrity": "sha512-avDYr0SB3DwO9zsMov0gKCESFYqCnE4hq/4z3TdUlukEy5t9C0YRq7HLrsN52NAcqXKaepeCD0n+B0arnVG3Hg==",
        "dependencies": {
          "is-accessor-descriptor": "is-accessor-descriptor@0.1.6",
          "is-data-descriptor": "is-data-descriptor@0.1.4",
          "kind-of": "kind-of@5.1.0"
        }
      },
      "is-descriptor@1.0.2": {
        "integrity": "sha512-2eis5WqQGV7peooDyLmNEPUrps9+SXX5c9pL3xEB+4e9HnGuDa7mB7kHxHw4CbqS9k1T2hOH3miL8n8WtiYVtg==",
        "dependencies": {
          "is-accessor-descriptor": "is-accessor-descriptor@1.0.0",
          "is-data-descriptor": "is-data-descriptor@1.0.0",
          "kind-of": "kind-of@6.0.3"
        }
      },
      "is-extendable@0.1.1": {
        "integrity": "sha512-5BMULNob1vgFX6EjQw5izWDxrecWK9AM72rugNr0TFldMOi0fj6Jk+zeKIt0xGj4cEfQIJth4w3OKWOJ4f+AFw==",
        "dependencies": {}
      },
      "is-extendable@1.0.1": {
        "integrity": "sha512-arnXMxT1hhoKo9k1LZdmlNyJdDDfy2v0fXjFlmok4+i8ul/6WlbVge9bhM74OpNPQPMGUToDtz+KXa1PneJxOA==",
        "dependencies": {
          "is-plain-object": "is-plain-object@2.0.4"
        }
      },
      "is-number@2.1.0": {
        "integrity": "sha512-QUzH43Gfb9+5yckcrSA0VBDwEtDUchrk4F6tfJZQuNzDJbEDB9cZNzSfXGQ1jqmdDY/kl41lUOWM9syA8z8jlg==",
        "dependencies": {
          "kind-of": "kind-of@3.2.2"
        }
      },
      "is-number@3.0.0": {
        "integrity": "sha512-4cboCqIpliH+mAvFNegjZQ4kgKc3ZUhQVr3HvWbSh5q3WH2v82ct+T2Y1hdU5Gdtorx/cLifQjqCbL7bpznLTg==",
        "dependencies": {
          "kind-of": "kind-of@3.2.2"
        }
      },
      "is-number@4.0.0": {
        "integrity": "sha512-rSklcAIlf1OmFdyAqbnWTLVelsQ58uvZ66S/ZyawjWqIviTWCjg2PzVGw8WUA+nNuPTqb4wgA+NszrJ+08LlgQ==",
        "dependencies": {}
      },
      "is-plain-object@2.0.4": {
        "integrity": "sha512-h5PpgXkWitc38BBMYawTYMWJHFZJVnBquFE57xFpjB8pJFiF6gZ+bU+WyI/yqXiFR5mdLsgYNaPe8uao6Uv9Og==",
        "dependencies": {
          "isobject": "isobject@3.0.1"
        }
      },
      "isarray@1.0.0": {
        "integrity": "sha512-VLghIWNM6ELQzo7zwmcg0NmTVyWKYjvIeM83yjp0wRDTmUnrM678fQbcKBo6n2CJEF0szoG//ytg+TKla89ALQ==",
        "dependencies": {}
      },
      "isobject@2.1.0": {
        "integrity": "sha512-+OUdGJlgjOBZDfxnDjYYG6zp487z0JGNQq3cYQYg5f5hKR+syHMsaztzGeml/4kGG55CSpKSpWTY+jYGgsHLgA==",
        "dependencies": {
          "isarray": "isarray@1.0.0"
        }
      },
      "isobject@3.0.1": {
        "integrity": "sha512-WhB9zCku7EGTj/HQQRz5aUQEUeoQZH2bWcltRErOpymJ4boYE6wL9Tbr23krRPSZ+C5zqNSrSw+Cc7sZZ4b7vg==",
        "dependencies": {}
      },
      "kind-of@3.2.2": {
        "integrity": "sha512-NOW9QQXMoZGg/oqnVNoNTTIFEIid1627WCffUBJEdMxYApq7mNE7CpzucIPc+ZQg25Phej7IJSmX3hO+oblOtQ==",
        "dependencies": {
          "is-buffer": "is-buffer@1.1.6"
        }
      },
      "kind-of@4.0.0": {
        "integrity": "sha512-24XsCxmEbRwEDbz/qz3stgin8TTzZ1ESR56OMCN0ujYg+vRutNSiOj9bHH9u85DKgXguraugV5sFuvbD4FW/hw==",
        "dependencies": {
          "is-buffer": "is-buffer@1.1.6"
        }
      },
      "kind-of@5.1.0": {
        "integrity": "sha512-NGEErnH6F2vUuXDh+OlbcKW7/wOcfdRHaZ7VWtqCztfHri/++YKmP51OdWeGPuqCOba6kk2OTe5d02VmTB80Pw==",
        "dependencies": {}
      },
      "kind-of@6.0.3": {
        "integrity": "sha512-dcS1ul+9tmeD95T+x28/ehLgd9mENa3LsvDTtzm3vyBEO7RPptvAD+t44WVXaUjTBRcrpFeFlC8WCruUR456hw==",
        "dependencies": {}
      },
      "lazy-cache@2.0.2": {
        "integrity": "sha512-7vp2Acd2+Kz4XkzxGxaB1FWOi8KjWIWsgdfD5MCb86DWvlLqhRPM+d6Pro3iNEL5VT9mstz5hKAlcd+QR6H3aA==",
        "dependencies": {
          "set-getter": "set-getter@0.1.1"
        }
      },
      "list-item@1.1.1": {
        "integrity": "sha512-S3D0WZ4J6hyM8o5SNKWaMYB1ALSacPZ2nHGEuCjmHZ+dc03gFeNZoNDcqfcnO4vDhTZmNrqrpYZCdXsRh22bzw==",
        "dependencies": {
          "expand-range": "expand-range@1.8.2",
          "extend-shallow": "extend-shallow@2.0.1",
          "is-number": "is-number@2.1.0",
          "repeat-string": "repeat-string@1.6.1"
        }
      },
      "lodash._reinterpolate@3.0.0": {
        "integrity": "sha512-xYHt68QRoYGjeeM/XOE1uJtvXQAgvszfBhjV4yvsQH0u2i9I6cI6c6/eG4Hh3UAOVn0y/xAXwmTzEay49Q//HA==",
        "dependencies": {}
      },
      "lodash.template@4.5.0": {
        "integrity": "sha512-84vYFxIkmidUiFxidA/KjjH9pAycqW+h980j7Fuz5qxRtO9pgB7MDFTdys1N7A5mcucRiDyEq4fusljItR1T/A==",
        "dependencies": {
          "lodash._reinterpolate": "lodash._reinterpolate@3.0.0",
          "lodash.templatesettings": "lodash.templatesettings@4.2.0"
        }
      },
      "lodash.templatesettings@4.2.0": {
        "integrity": "sha512-stgLz+i3Aa9mZgnjr/O+v9ruKZsPsndy7qPZOchbqk2cnTU1ZaldKK+v7m54WoKIyxiuMZTKT2H81F8BeAc3ZQ==",
        "dependencies": {
          "lodash._reinterpolate": "lodash._reinterpolate@3.0.0"
        }
      },
      "log-ok@0.1.1": {
        "integrity": "sha512-cc8VrkS6C+9TFuYAwuHpshrcrGRAv7d0tUJ0GdM72ZBlKXtlgjUZF84O+OhQUdiVHoF7U/nVxwpjOdwUJ8d3Vg==",
        "dependencies": {
          "ansi-green": "ansi-green@0.1.1",
          "success-symbol": "success-symbol@0.1.0"
        }
      },
      "map-cache@0.2.2": {
        "integrity": "sha512-8y/eV9QQZCiyn1SprXSrCmqJN0yNRATe+PO8ztwqrvrbdRLA3eYJF0yaR0YayLWkMbsQSKWS9N2gPcGEc4UsZg==",
        "dependencies": {}
      },
      "map-visit@1.0.0": {
        "integrity": "sha512-4y7uGv8bd2WdM9vpQsiQNo41Ln1NvhvDRuVt0k2JZQ+ezN2uaQes7lZeZ+QQUHOLQAtDaBJ+7wCbi+ab/KFs+w==",
        "dependencies": {
          "object-visit": "object-visit@1.0.1"
        }
      },
      "markdown-utils@0.7.3": {
        "integrity": "sha512-QAAJThmvuF5TZDx5aYdCLSKnva528aAO31gloCUzJTjJxO04NyGVny86fCNfE7gkAVqa57bActz3HfXtseUYdQ==",
        "dependencies": {
          "array-slice": "array-slice@0.2.3",
          "is-number": "is-number@2.1.0",
          "list-item": "list-item@1.1.1",
          "to-gfm-code-block": "to-gfm-code-block@0.1.1"
        }
      },
      "math-random@1.0.4": {
        "integrity": "sha512-rUxjysqif/BZQH2yhd5Aaq7vXMSx9NdEsQcyA07uEzIvxgI7zIr33gGsh+RU0/XjmQpCW7RsVof1vlkvQVCK5A==",
        "dependencies": {}
      },
      "minimatch@3.0.4": {
        "integrity": "sha512-yJHVQEhyqPLUTgt9B83PXu6W3rx4MvvHvSUvToogpwoGDOUQ+yDrR0HRot+yOCdCO7u4hX3pWft6kWBBcqh0UA==",
        "dependencies": {
          "brace-expansion": "brace-expansion@1.1.11"
        }
      },
      "minimist@0.0.8": {
        "integrity": "sha512-miQKw5Hv4NS1Psg2517mV4e4dYNaO3++hjAvLOAzKqZ61rH8NS1SK+vbfBWZ5PY/Me/bEWhUwqMghEW5Fb9T7Q==",
        "dependencies": {}
      },
      "minimist@1.2.8": {
        "integrity": "sha512-2yyAR8qBkN3YuheJanUpWC5U3bb5osDywNB8RzDVlDwDHbocAJveqqj1u8+SVD7jkWT4yvsHCpWqqWqAxb0zCA==",
        "dependencies": {}
      },
      "mixin-deep@1.3.2": {
        "integrity": "sha512-WRoDn//mXBiJ1H40rqa3vH0toePwSsGb45iInWlTySa+Uu4k3tYUSxa2v1KqAiLtvlrSzaExqS1gtk96A9zvEA==",
        "dependencies": {
          "for-in": "for-in@1.0.2",
          "is-extendable": "is-extendable@1.0.1"
        }
      },
      "mkdirp@0.5.1": {
        "integrity": "sha512-SknJC52obPfGQPnjIkXbmA6+5H15E+fR+E4iR2oQ3zzCLbd7/ONua69R/Gw7AgkTLsRG+r5fzksYwWe1AgTyWA==",
        "dependencies": {
          "minimist": "minimist@0.0.8"
        }
      },
      "mocha@5.2.0": {
        "integrity": "sha512-2IUgKDhc3J7Uug+FxMXuqIyYzH7gJjXECKe/w43IGgQHTSj3InJi+yAA7T24L9bQMRKiUEHxEX37G5JpVUGLcQ==",
        "dependencies": {
          "browser-stdout": "browser-stdout@1.3.1",
          "commander": "commander@2.15.1",
          "debug": "debug@3.1.0",
          "diff": "diff@3.5.0",
          "escape-string-regexp": "escape-string-regexp@1.0.5",
          "glob": "glob@7.1.2",
          "growl": "growl@1.10.5",
          "he": "he@1.1.1",
          "minimatch": "minimatch@3.0.4",
          "mkdirp": "mkdirp@0.5.1",
          "supports-color": "supports-color@5.4.0"
        }
      },
      "ms@2.0.0": {
        "integrity": "sha512-Tpp60P6IUJDTuOq/5Z8cdskzJujfwqfOTkrwIwj7IRISpnkJnT6SyJ4PCPnGMoFjC9ddhal5KVIYtAt97ix05A==",
        "dependencies": {}
      },
      "object-copy@0.1.0": {
        "integrity": "sha512-79LYn6VAb63zgtmAteVOWo9Vdj71ZVBy3Pbse+VqxDpEP83XuujMrGqHIwAXJ5I/aM0zU7dIyIAhifVTPrNItQ==",
        "dependencies": {
          "copy-descriptor": "copy-descriptor@0.1.1",
          "define-property": "define-property@0.2.5",
          "kind-of": "kind-of@3.2.2"
        }
      },
      "object-visit@1.0.1": {
        "integrity": "sha512-GBaMwwAVK9qbQN3Scdo0OyvgPW7l3lnaVMj84uTOZlswkX0KpF6fyDBJhtTthf7pymztoN36/KEr1DyhF96zEA==",
        "dependencies": {
          "isobject": "isobject@3.0.1"
        }
      },
      "once@1.4.0": {
        "integrity": "sha512-lNaJgI+2Q5URQBkccEKHTQOPaXdUxnZZElQTZY0MFUAuaEqe1E+Nyvgdz/aIyNi6Z9MzO5dv1H8n58/GELp3+w==",
        "dependencies": {
          "wrappy": "wrappy@1.0.2"
        }
      },
      "parse-github-url@1.0.2": {
        "integrity": "sha512-kgBf6avCbO3Cn6+RnzRGLkUsv4ZVqv/VfAYkRsyBcgkshNvVBkRn1FEZcW0Jb+npXQWm2vHPnnOqFteZxRRGNw==",
        "dependencies": {}
      },
      "pascalcase@0.1.1": {
        "integrity": "sha512-XHXfu/yOQRy9vYOtUDVMN60OEJjW013GoObG1o+xwQTpB9eYJX/BjXMsdW13ZDPruFhYYn0AG22w0xgQMwl3Nw==",
        "dependencies": {}
      },
      "path-is-absolute@1.0.1": {
        "integrity": "sha512-AVbw3UJ2e9bq64vSaS9Am0fje1Pa8pbGqTTsmXfaIiMpnr5DlDhfJOuLj9Sf95ZPVDAUerDfEk88MPmPe7UCQg==",
        "dependencies": {}
      },
      "pretty-remarkable@0.4.1": {
        "integrity": "sha512-f37JqZwy+ZGtsPZDEmZ4mCYuSn91xrAXmVJC0cXNDJNVLfbKmMPd1a5V7yg/otBC9dvCuAJM4+/wmWiP5bNPWA==",
        "dependencies": {
          "expand-reflinks": "expand-reflinks@0.2.1",
          "lazy-cache": "lazy-cache@2.0.2",
          "list-item": "list-item@1.1.1",
          "markdown-utils": "markdown-utils@0.7.3",
          "repeat-string": "repeat-string@1.6.1"
        }
      },
      "process-nextick-args@2.0.1": {
        "integrity": "sha512-3ouUOpQhtgrbOa17J7+uxOTpITYWaGP7/AhoR3+A+/1e9skrzelGi/dXzEYyvbxubEF6Wn2ypscTKiKJFFn1ag==",
        "dependencies": {}
      },
      "randomatic@3.1.1": {
        "integrity": "sha512-TuDE5KxZ0J461RVjrJZCJc+J+zCkTb1MbH9AQUq68sMhOMcy9jLcb3BrZKgp9q9Ncltdg4QVqWrH02W2EFFVYw==",
        "dependencies": {
          "is-number": "is-number@4.0.0",
          "kind-of": "kind-of@6.0.3",
          "math-random": "math-random@1.0.4"
        }
      },
      "readable-stream@2.3.8": {
        "integrity": "sha512-8p0AUk4XODgIewSi0l8Epjs+EVnWiK7NoDIEGU0HhE7+ZyY8D1IMY7odu5lRrFXGg71L15KG8QrPmum45RTtdA==",
        "dependencies": {
          "core-util-is": "core-util-is@1.0.3",
          "inherits": "inherits@2.0.4",
          "isarray": "isarray@1.0.0",
          "process-nextick-args": "process-nextick-args@2.0.1",
          "safe-buffer": "safe-buffer@5.1.2",
          "string_decoder": "string_decoder@1.1.1",
          "util-deprecate": "util-deprecate@1.0.2"
        }
      },
      "regex-not@1.0.2": {
        "integrity": "sha512-J6SDjUgDxQj5NusnOtdFxDwN/+HWykR8GELwctJ7mdqhcyy1xEc4SRFHUXvxTp661YaVKAjfRLZ9cCqS6tn32A==",
        "dependencies": {
          "extend-shallow": "extend-shallow@3.0.2",
          "safe-regex": "safe-regex@1.1.0"
        }
      },
      "remarkable@1.7.4": {
        "integrity": "sha512-e6NKUXgX95whv7IgddywbeN/ItCkWbISmc2DiqHJb0wTrqZIexqdco5b8Z3XZoo/48IdNVKM9ZCvTPJ4F5uvhg==",
        "dependencies": {
          "argparse": "argparse@1.0.10",
          "autolinker": "autolinker@0.28.1"
        }
      },
      "remove-trailing-separator@1.1.0": {
        "integrity": "sha512-/hS+Y0u3aOfIETiaiirUFwDBDzmXPvO+jAfKTitUngIPzdKc6Z0LoFjM/CK5PL4C+eKwHohlHAb6H0VFfmmUsw==",
        "dependencies": {}
      },
      "repeat-element@1.1.4": {
        "integrity": "sha512-LFiNfRcSu7KK3evMyYOuCzv3L10TW7yC1G2/+StMjK8Y6Vqd2MG7r/Qjw4ghtuCOjFvlnms/iMmLqpvW/ES/WQ==",
        "dependencies": {}
      },
      "repeat-string@1.6.1": {
        "integrity": "sha512-PV0dzCYDNfRi1jCDbJzpW7jNNDRuCOG/jI5ctQcGKt/clZD+YcPS3yIlWuTJMmESC8aevCFmWJy5wjAFgNqN6w==",
        "dependencies": {}
      },
      "replace-ext@1.0.1": {
        "integrity": "sha512-yD5BHCe7quCgBph4rMQ+0KkIRKwWCrHDOX1p1Gp6HwjPM5kVoCdKGNhN7ydqqsX6lJEnQDKZ/tFMiEdQ1dvPEw==",
        "dependencies": {}
      },
      "resolve-url@0.2.1": {
        "integrity": "sha512-ZuF55hVUQaaczgOIwqWzkEcEidmlD/xl44x1UZnhOXcYuFN2S6+rcxpG+C1N3So0wvNI3DmJICUFfu2SxhBmvg==",
        "dependencies": {}
      },
      "ret@0.1.15": {
        "integrity": "sha512-TTlYpa+OL+vMMNG24xSlQGEJ3B/RzEfUlLct7b5G/ytav+wPrplCpVMFuwzXbkecJrb6IYo1iFb0S9v37754mg==",
        "dependencies": {}
      },
      "safe-buffer@5.1.2": {
        "integrity": "sha512-Gd2UZBJDkXlY7GbJxfsE8/nvKkUEU1G38c1siN6QP6a9PT9MmHB8GnpscSmMJSoF8LOIrt8ud/wPtojys4G6+g==",
        "dependencies": {}
      },
      "safe-regex@1.1.0": {
        "integrity": "sha512-aJXcif4xnaNUzvUuC5gcb46oTS7zvg4jpMTnuqtrEPlR3vFr4pxtdTwaF1Qs3Enjn9HK+ZlwQui+a7z0SywIzg==",
        "dependencies": {
          "ret": "ret@0.1.15"
        }
      },
      "sections@1.0.0": {
        "integrity": "sha512-fIM8mM3bPainFNKxQn3K+fCl2ZPYdo13GrUDPmjvQfK3b3jeC1E4c0t/irS0qcsG6JLTJNxjNOX6k10URz0ZJg==",
        "dependencies": {
          "gfm-code-blocks": "gfm-code-blocks@1.0.0",
          "sort-by-value": "sort-by-value@0.1.0"
        }
      },
      "set-getter@0.1.1": {
        "integrity": "sha512-9sVWOy+gthr+0G9DzqqLaYNA7+5OKkSmcqjL9cBpDEaZrr3ShQlyX2cZ/O/ozE41oxn/Tt0LGEM/w4Rub3A3gw==",
        "dependencies": {
          "to-object-path": "to-object-path@0.3.0"
        }
      },
      "set-value@2.0.1": {
        "integrity": "sha512-JxHc1weCN68wRY0fhCoXpyK55m/XPHafOmK4UWD7m2CI14GMcFypt4w/0+NV5f/ZMby2F6S2wwA7fgynh9gWSw==",
        "dependencies": {
          "extend-shallow": "extend-shallow@2.0.1",
          "is-extendable": "is-extendable@0.1.1",
          "is-plain-object": "is-plain-object@2.0.4",
          "split-string": "split-string@3.1.0"
        }
      },
      "snapdragon-node@1.0.6": {
        "integrity": "sha512-6hQdgKWLpeHi6cAwNy6lvIRDzy5wd5+RtEUtmS/xhJp8cQbo3BR/FILFOGV3G1wUtFhJTUyNNy6BVDm6HIQx8w==",
        "dependencies": {
          "define-property": "define-property@0.2.5",
          "isobject": "isobject@3.0.1",
          "lazy-cache": "lazy-cache@2.0.2",
          "snapdragon-util": "snapdragon-util@1.0.6"
        }
      },
      "snapdragon-util@1.0.6": {
        "integrity": "sha512-fCSsy4Wzm9Gq7xhiwS1nuaqHWUiDYfoTX5AjdF7YH+BwpPT1Jb1eHt9itsP5Qr9symeFY2fMckcEQCxKhSJPCw==",
        "dependencies": {
          "define-property": "define-property@0.2.5",
          "kind-of": "kind-of@3.2.2",
          "lazy-cache": "lazy-cache@2.0.2",
          "snapdragon-node": "snapdragon-node@1.0.6"
        }
      },
      "snapdragon-util@2.1.1": {
        "integrity": "sha512-ifty2uWs47RkdranrcWZw9EgkJEKxMtiHZfxpZ7KsuuCoHrsNCHuyQlsFK4gGeWC9kPAUnsMiB9enZ/FhMMwmA==",
        "dependencies": {
          "kind-of": "kind-of@3.2.2"
        }
      },
      "snapdragon@0.11.5": {
        "integrity": "sha512-iC2oF+H+TjiZN4a7I5HNUH8imAFT9z3GydV8X5ZFLcBiDYROWNeqI34BHArXTVO/RGs88STtAtiMP3tCiNdUYg==",
        "dependencies": {
          "component-emitter": "component-emitter@1.3.0",
          "debug": "debug@2.6.9",
          "define-property": "define-property@0.2.5",
          "extend-shallow": "extend-shallow@2.0.1",
          "get-value": "get-value@2.0.6",
          "isobject": "isobject@3.0.1",
          "map-cache": "map-cache@0.2.2",
          "snapdragon-node": "snapdragon-node@1.0.6",
          "snapdragon-util": "snapdragon-util@2.1.1",
          "source-map": "source-map@0.5.7",
          "source-map-resolve": "source-map-resolve@0.5.3",
          "use": "use@3.1.1"
        }
      },
      "snapdragon@0.8.2": {
        "integrity": "sha512-FtyOnWN/wCHTVXOMwvSv26d+ko5vWlIDD6zoUJ7LW8vh+ZBC8QdljveRP+crNrtBwioEUWy/4dMtbBjA4ioNlg==",
        "dependencies": {
          "base": "base@0.11.2",
          "debug": "debug@2.6.9",
          "define-property": "define-property@0.2.5",
          "extend-shallow": "extend-shallow@2.0.1",
          "map-cache": "map-cache@0.2.2",
          "source-map": "source-map@0.5.7",
          "source-map-resolve": "source-map-resolve@0.5.3",
          "use": "use@3.1.1"
        }
      },
      "sort-by-value@0.1.0": {
        "integrity": "sha512-hTkhmGnyccPZcgIGtvC32Oipl2Qf8rRd/G1beErsgJurdO9i35PDeeR+vEsbpvGibzQuNB1P2yhFn9E/daD2rw==",
        "dependencies": {
          "extend-shallow": "extend-shallow@2.0.1",
          "isobject": "isobject@3.0.1"
        }
      },
      "source-map-resolve@0.5.3": {
        "integrity": "sha512-Htz+RnsXWk5+P2slx5Jh3Q66vhQj1Cllm0zvnaY98+NFx+Dv2CF/f5O/t8x+KaNdrdIAsruNzoh/KpialbqAnw==",
        "dependencies": {
          "atob": "atob@2.1.2",
          "decode-uri-component": "decode-uri-component@0.2.2",
          "resolve-url": "resolve-url@0.2.1",
          "source-map-url": "source-map-url@0.4.1",
          "urix": "urix@0.1.0"
        }
      },
      "source-map-url@0.4.1": {
        "integrity": "sha512-cPiFOTLUKvJFIg4SKVScy4ilPPW6rFgMgfuZJPNoDuMs3nC1HbMUycBoJw77xFIp6z1UJQJOfx6C9GMH80DiTw==",
        "dependencies": {}
      },
      "source-map@0.5.7": {
        "integrity": "sha512-LbrmJOMUSdEVxIKvdcJzQC+nQhe8FUZQTXQy6+I75skNgn3OoQ0DZA8YnFa7gp8tqtL3KPf1kmo0R5DoApeSGQ==",
        "dependencies": {}
      },
      "source-map@0.6.1": {
        "integrity": "sha512-UjgapumWlbMhkBgzT7Ykc5YXUT46F0iKu8SGXq0bcwP5dz/h0Plj6enJqjz1Zbq2l5WaqYnrVbwWOWMyF3F47g==",
        "dependencies": {}
      },
      "split-string@3.1.0": {
        "integrity": "sha512-NzNVhJDYpwceVVii8/Hu6DKfD2G+NrQHlS/V/qgv763EYudVwEcMQNxd2lh+0VrUByXN/oJkl5grOhYWvQUYiw==",
        "dependencies": {
          "extend-shallow": "extend-shallow@3.0.2"
        }
      },
      "sprintf-js@1.0.3": {
        "integrity": "sha512-D9cPgkvLlV3t3IzL0D0YLvGA9Ahk4PcvVwUbN0dSGr1aP0Nrt4AEnTUbuGvquEC0mA64Gqt1fzirlRs5ibXx8g==",
        "dependencies": {}
      },
      "static-extend@0.1.2": {
        "integrity": "sha512-72E9+uLc27Mt718pMHt9VMNiAL4LMsmDbBva8mxWUCkT07fSzEGMYUCk0XWY6lp0j6RBAG4cJ3mWuZv2OE3s0g==",
        "dependencies": {
          "define-property": "define-property@0.2.5",
          "object-copy": "object-copy@0.1.0"
        }
      },
      "string_decoder@1.1.1": {
        "integrity": "sha512-n/ShnvDi6FHbbVfviro+WojiFzv+s8MPMHBczVePfUpDJLwoLT0ht1l4YwBCbi8pJAveEEdnkHyPyTP/mzRfwg==",
        "dependencies": {
          "safe-buffer": "safe-buffer@5.1.2"
        }
      },
      "success-symbol@0.1.0": {
        "integrity": "sha512-7S6uOTxPklNGxOSbDIg4KlVLBQw1UiGVyfCUYgYxrZUKRblUkmGj7r8xlfQoFudvqLv6Ap5gd76/IIFfI9JG2A==",
        "dependencies": {}
      },
      "supports-color@5.4.0": {
        "integrity": "sha512-zjaXglF5nnWpsq470jSv6P9DwPvgLkuapYmfDm3JWOm0vkNTVF2tI4UrN2r6jH1qM/uc/WtxYY1hYoA2dOKj5w==",
        "dependencies": {
          "has-flag": "has-flag@3.0.0"
        }
      },
      "through2@2.0.5": {
        "integrity": "sha512-/mrRod8xqpA+IHSLyGCQ2s8SPHiCDEeQJSep1jqLYeEUClOFG2Qsh+4FU6G9VeqpZnGW/Su8LQGc4YKni5rYSQ==",
        "dependencies": {
          "readable-stream": "readable-stream@2.3.8",
          "xtend": "xtend@4.0.2"
        }
      },
      "to-gfm-code-block@0.1.1": {
        "integrity": "sha512-LQRZWyn8d5amUKnfR9A9Uu7x9ss7Re8peuWR2gkh1E+ildOfv2aF26JpuDg8JtvCduu5+hOrMIH+XstZtnagqg==",
        "dependencies": {}
      },
      "to-object-path@0.3.0": {
        "integrity": "sha512-9mWHdnGRuh3onocaHzukyvCZhzvr6tiflAy/JRFXcJX0TjgfWA9pk9t8CMbzmBE4Jfw58pXbkngtBtqYxzNEyg==",
        "dependencies": {
          "kind-of": "kind-of@3.2.2"
        }
      },
      "to-regex@3.0.2": {
        "integrity": "sha512-FWtleNAtZ/Ki2qtqej2CXTOayOH9bHDQF+Q48VpWyDXjbYxA4Yz8iDB31zXOBUlOHHKidDbqGVrTUvQMPmBGBw==",
        "dependencies": {
          "define-property": "define-property@2.0.2",
          "extend-shallow": "extend-shallow@3.0.2",
          "regex-not": "regex-not@1.0.2",
          "safe-regex": "safe-regex@1.1.0"
        }
      },
      "tokenize-comment@1.0.3": {
        "integrity": "sha512-s2BwN1eTPZq1t7w0XNWumfZdjCIRtj+1/r9/dFTVFIvhfJ3Xw6G80R6q0zrNayuCMlFM4aXPF6/Y2qnWuuHQTw==",
        "dependencies": {
          "array-each": "array-each@1.0.1",
          "define-property": "define-property@0.2.5",
          "extend-shallow": "extend-shallow@2.0.1",
          "snapdragon": "snapdragon@0.11.5"
        }
      },
      "union-value@1.0.1": {
        "integrity": "sha512-tJfXmxMeWYnczCVs7XAEvIV7ieppALdyepWMkHkwciRpZraG/xwT+s2JN8+pr1+8jCRf80FFzvr+MpQeeoF4Xg==",
        "dependencies": {
          "arr-union": "arr-union@3.1.0",
          "get-value": "get-value@2.0.6",
          "is-extendable": "is-extendable@0.1.1",
          "set-value": "set-value@2.0.1"
        }
      },
      "unset-value@1.0.0": {
        "integrity": "sha512-PcA2tsuGSF9cnySLHTLSh2qrQiJ70mn+r+Glzxv2TWZblxsxCC52BDlZoPCsz7STd9pN7EZetkWZBAvk4cgZdQ==",
        "dependencies": {
          "has-value": "has-value@0.3.1",
          "isobject": "isobject@3.0.1"
        }
      },
      "urix@0.1.0": {
        "integrity": "sha512-Am1ousAhSLBeB9cG/7k7r2R0zj50uDRlZHPGbazid5s9rlF1F/QKYObEKSIunSjIOkJZqwRRLpvewjEkM7pSqg==",
        "dependencies": {}
      },
      "use@3.1.1": {
        "integrity": "sha512-cwESVXlO3url9YWlFW/TA9cshCEhtu7IKJ/p5soJ/gGpj7vbvFrAY/eIioQ6Dw23KjZhYgiIo8HOs1nQ2vr/oQ==",
        "dependencies": {}
      },
      "util-deprecate@1.0.2": {
        "integrity": "sha512-EPD5q1uXyFxJpCrLnCc1nHnq3gOa6DZBocAIiI2TaSCA7VCJ1UJDMagCzIkXNsUYfD1daK//LTEQ8xiIbrHtcw==",
        "dependencies": {}
      },
      "vinyl@2.2.1": {
        "integrity": "sha512-LII3bXRFBZLlezoG5FfZVcXflZgWP/4dCwKtxd5ky9+LOtM4CS3bIRQsmR1KMnMW07jpE8fqR2lcxPZ+8sJIcw==",
        "dependencies": {
          "clone": "clone@2.1.2",
          "clone-buffer": "clone-buffer@1.0.0",
          "clone-stats": "clone-stats@1.0.0",
          "cloneable-readable": "cloneable-readable@1.1.3",
          "remove-trailing-separator": "remove-trailing-separator@1.1.0",
          "replace-ext": "replace-ext@1.0.1"
        }
      },
      "wrappy@1.0.2": {
        "integrity": "sha512-l4Sp/DRseor9wL6EvV2+TuQn63dMkPjZ/sp9XkghTEbV9KlPS1xUsZ3u7/IQO4wxtcFB4bgpQPRcR3QCvezPcQ==",
        "dependencies": {}
      },
      "write@0.3.3": {
        "integrity": "sha512-e63bsTAFxFUU8OGClhjhhf2R72Njpq6DDTOFFBxDkfZFwoRRKZUx9rll6g/TvY0UcCdKE2OroYZje0v9ROzmfA==",
        "dependencies": {
          "fs-exists-sync": "fs-exists-sync@0.1.0",
          "mkdirp": "mkdirp@0.5.1"
        }
      },
      "xtend@4.0.2": {
        "integrity": "sha512-LKYU1iAXJXUgAXn9URjiu+MWhyUXHsvfp7mcuYm9dSUKK0/CjtrUwFAxD82/mCWbtLsGjFIad0wIsod4zrTAEQ==",
        "dependencies": {}
      }
    }
  }
}
